
Microsoft Visual Studio Solution File, Format Version 12.00
# Visual Studio Version 17
VisualStudioVersion = 17.7.33711.374
MinimumVisualStudioVersion = 10.0.40219.1
Project("{9A19103F-16F7-4668-BE54-9A1E7A4F7556}") = "GamesAPI", "api\GamesAPI\GamesAPI.csproj", "{35FFCFC8-8E4D-47CE-955B-8199323C49FB}"
EndProject
Project("{9A19103F-16F7-4668-BE54-9A1E7A4F7556}") = "Codebreaker.Data", "data\Codebreaker.Data\Codebreaker.Data.csproj", "{7609C54B-ED97-43DB-9DB0-77BE79FF1F72}"
EndProject
Project("{9A19103F-16F7-4668-BE54-9A1E7A4F7556}") = "CodeBreaker.Shared", "common\CodeBreaker.Shared\CodeBreaker.Shared.csproj", "{058332A1-1C64-4AB7-8FA8-69B3ABC7A47B}"
EndProject
Global
	GlobalSection(SolutionConfigurationPlatforms) = preSolution
		Debug|Any CPU = Debug|Any CPU
		Release|Any CPU = Release|Any CPU
	EndGlobalSection
	GlobalSection(ProjectConfigurationPlatforms) = postSolution
		{35FFCFC8-8E4D-47CE-955B-8199323C49FB}.Debug|Any CPU.ActiveCfg = Debug|Any CPU
		{35FFCFC8-8E4D-47CE-955B-8199323C49FB}.Debug|Any CPU.Build.0 = Debug|Any CPU
		{35FFCFC8-8E4D-47CE-955B-8199323C49FB}.Release|Any CPU.ActiveCfg = Release|Any CPU
		{35FFCFC8-8E4D-47CE-955B-8199323C49FB}.Release|Any CPU.Build.0 = Release|Any CPU
		{7609C54B-ED97-43DB-9DB0-77BE79FF1F72}.Debug|Any CPU.ActiveCfg = Debug|Any CPU
		{7609C54B-ED97-43DB-9DB0-77BE79FF1F72}.Debug|Any CPU.Build.0 = Debug|Any CPU
		{7609C54B-ED97-43DB-9DB0-77BE79FF1F72}.Release|Any CPU.ActiveCfg = Release|Any CPU
		{7609C54B-ED97-43DB-9DB0-77BE79FF1F72}.Release|Any CPU.Build.0 = Release|Any CPU
		{058332A1-1C64-4AB7-8FA8-69B3ABC7A47B}.Debug|Any CPU.ActiveCfg = Debug|Any CPU
		{058332A1-1C64-4AB7-8FA8-69B3ABC7A47B}.Debug|Any CPU.Build.0 = Debug|Any CPU
		{058332A1-1C64-4AB7-8FA8-69B3ABC7A47B}.Release|Any CPU.ActiveCfg = Release|Any CPU
		{058332A1-1C64-4AB7-8FA8-69B3ABC7A47B}.Release|Any CPU.Build.0 = Release|Any CPU
	EndGlobalSection
	GlobalSection(SolutionProperties) = preSolution
		HideSolutionNode = FALSE
	EndGlobalSection
	GlobalSection(ExtensibilityGlobals) = postSolution
		SolutionGuid = {E10664FC-82D1-4533-AA07-2C8CF582E4EE}
	EndGlobalSection
EndGlobal
